
Microsoft Visual Studio Solution File, Format Version 12.00
# Visual Studio Version 16
VisualStudioVersion = 16.0.30204.135
MinimumVisualStudioVersion = 10.0.40219.1
Project("{2150E333-8FDC-42A3-9474-1A3956D46DE8}") = "Services", "Services", "{4383E84C-8AEF-4441-9D78-B6DEF18ECF8D}"
EndProject
Project("{2150E333-8FDC-42A3-9474-1A3956D46DE8}") = "WebApps", "WebApps", "{819D63CB-B3D3-4DD3-BCE4-F75C9B9DE79C}"
EndProject
Project("{2150E333-8FDC-42A3-9474-1A3956D46DE8}") = "Events", "Events", "{1D759D69-31AB-4848-9FE0-1FD67F80178D}"
EndProject
Project("{2150E333-8FDC-42A3-9474-1A3956D46DE8}") = "Core", "Core", "{2B21CE46-A56B-4E30-ADF2-0A5A944BCB8B}"
EndProject
Project("{9A19103F-16F7-4668-BE54-9A1E7A4F7556}") = "Radix.Core", "src\Radix.Core\Radix.Core.csproj", "{B427BCE3-4D35-4788-AC1F-DEDDB1AF5EDB}"
EndProject
Project("{2150E333-8FDC-42A3-9474-1A3956D46DE8}") = "Tests", "Tests", "{986B9BDF-C90E-486D-81D1-BDD5FA962D6C}"
EndProject
Project("{9A19103F-16F7-4668-BE54-9A1E7A4F7556}") = "Radix.Events.Domain", "src\Radix.Events.Domain\Radix.Events.Domain.csproj", "{8A25848F-3EC4-477D-919E-1F5DF2870E74}"
EndProject
Project("{9A19103F-16F7-4668-BE54-9A1E7A4F7556}") = "Radix.Events.Data", "src\Radix.Events.Data\Radix.Events.Data.csproj", "{99A2A6FB-7AB4-41AF-AE3B-A9C0937CED4C}"
EndProject
Project("{9A19103F-16F7-4668-BE54-9A1E7A4F7556}") = "Radix.Events.Application", "src\Radix.Events.Application\Radix.Events.Application.csproj", "{8E2AD10F-7463-46CD-80EB-B15558D201A8}"
EndProject
Project("{9A19103F-16F7-4668-BE54-9A1E7A4F7556}") = "Radix.WebApi", "src\Radix.WebApi\Radix.WebApi.csproj", "{15CBA5DA-FDF1-490E-9AEF-749B0697C1B7}"
EndProject
Project("{9A19103F-16F7-4668-BE54-9A1E7A4F7556}") = "Radix.Events.Application.Tests", "tests\Radix.Events.Application.Tests\Radix.Events.Application.Tests.csproj", "{A3AE9D3A-4E46-4F08-A552-FB88034E7251}"
EndProject
Project("{E53339B2-1760-4266-BCC7-CA923CBCF16C}") = "docker-compose", "docker-compose.dcproj", "{66267A6A-C543-40C4-A9E7-D8E6C7A72010}"
EndProject
Global
	GlobalSection(SolutionConfigurationPlatforms) = preSolution
		Debug|Any CPU = Debug|Any CPU
		Release|Any CPU = Release|Any CPU
	EndGlobalSection
	GlobalSection(ProjectConfigurationPlatforms) = postSolution
		{B427BCE3-4D35-4788-AC1F-DEDDB1AF5EDB}.Debug|Any CPU.ActiveCfg = Debug|Any CPU
		{B427BCE3-4D35-4788-AC1F-DEDDB1AF5EDB}.Debug|Any CPU.Build.0 = Debug|Any CPU
		{B427BCE3-4D35-4788-AC1F-DEDDB1AF5EDB}.Release|Any CPU.ActiveCfg = Release|Any CPU
		{B427BCE3-4D35-4788-AC1F-DEDDB1AF5EDB}.Release|Any CPU.Build.0 = Release|Any CPU
		{8A25848F-3EC4-477D-919E-1F5DF2870E74}.Debug|Any CPU.ActiveCfg = Debug|Any CPU
		{8A25848F-3EC4-477D-919E-1F5DF2870E74}.Debug|Any CPU.Build.0 = Debug|Any CPU
		{8A25848F-3EC4-477D-919E-1F5DF2870E74}.Release|Any CPU.ActiveCfg = Release|Any CPU
		{8A25848F-3EC4-477D-919E-1F5DF2870E74}.Release|Any CPU.Build.0 = Release|Any CPU
		{99A2A6FB-7AB4-41AF-AE3B-A9C0937CED4C}.Debug|Any CPU.ActiveCfg = Debug|Any CPU
		{99A2A6FB-7AB4-41AF-AE3B-A9C0937CED4C}.Debug|Any CPU.Build.0 = Debug|Any CPU
		{99A2A6FB-7AB4-41AF-AE3B-A9C0937CED4C}.Release|Any CPU.ActiveCfg = Release|Any CPU
		{99A2A6FB-7AB4-41AF-AE3B-A9C0937CED4C}.Release|Any CPU.Build.0 = Release|Any CPU
		{8E2AD10F-7463-46CD-80EB-B15558D201A8}.Debug|Any CPU.ActiveCfg = Debug|Any CPU
		{8E2AD10F-7463-46CD-80EB-B15558D201A8}.Debug|Any CPU.Build.0 = Debug|Any CPU
		{8E2AD10F-7463-46CD-80EB-B15558D201A8}.Release|Any CPU.ActiveCfg = Release|Any CPU
		{8E2AD10F-7463-46CD-80EB-B15558D201A8}.Release|Any CPU.Build.0 = Release|Any CPU
		{15CBA5DA-FDF1-490E-9AEF-749B0697C1B7}.Debug|Any CPU.ActiveCfg = Debug|Any CPU
		{15CBA5DA-FDF1-490E-9AEF-749B0697C1B7}.Debug|Any CPU.Build.0 = Debug|Any CPU
		{15CBA5DA-FDF1-490E-9AEF-749B0697C1B7}.Release|Any CPU.ActiveCfg = Release|Any CPU
		{15CBA5DA-FDF1-490E-9AEF-749B0697C1B7}.Release|Any CPU.Build.0 = Release|Any CPU
		{A3AE9D3A-4E46-4F08-A552-FB88034E7251}.Debug|Any CPU.ActiveCfg = Debug|Any CPU
		{A3AE9D3A-4E46-4F08-A552-FB88034E7251}.Debug|Any CPU.Build.0 = Debug|Any CPU
		{A3AE9D3A-4E46-4F08-A552-FB88034E7251}.Release|Any CPU.ActiveCfg = Release|Any CPU
		{A3AE9D3A-4E46-4F08-A552-FB88034E7251}.Release|Any CPU.Build.0 = Release|Any CPU
		{66267A6A-C543-40C4-A9E7-D8E6C7A72010}.Debug|Any CPU.ActiveCfg = Debug|Any CPU
		{66267A6A-C543-40C4-A9E7-D8E6C7A72010}.Debug|Any CPU.Build.0 = Debug|Any CPU
		{66267A6A-C543-40C4-A9E7-D8E6C7A72010}.Release|Any CPU.ActiveCfg = Release|Any CPU
		{66267A6A-C543-40C4-A9E7-D8E6C7A72010}.Release|Any CPU.Build.0 = Release|Any CPU
	EndGlobalSection
	GlobalSection(SolutionProperties) = preSolution
		HideSolutionNode = FALSE
	EndGlobalSection
	GlobalSection(NestedProjects) = preSolution
		{1D759D69-31AB-4848-9FE0-1FD67F80178D} = {4383E84C-8AEF-4441-9D78-B6DEF18ECF8D}
		{2B21CE46-A56B-4E30-ADF2-0A5A944BCB8B} = {4383E84C-8AEF-4441-9D78-B6DEF18ECF8D}
		{B427BCE3-4D35-4788-AC1F-DEDDB1AF5EDB} = {2B21CE46-A56B-4E30-ADF2-0A5A944BCB8B}
		{986B9BDF-C90E-486D-81D1-BDD5FA962D6C} = {1D759D69-31AB-4848-9FE0-1FD67F80178D}
		{8A25848F-3EC4-477D-919E-1F5DF2870E74} = {1D759D69-31AB-4848-9FE0-1FD67F80178D}
		{99A2A6FB-7AB4-41AF-AE3B-A9C0937CED4C} = {1D759D69-31AB-4848-9FE0-1FD67F80178D}
		{8E2AD10F-7463-46CD-80EB-B15558D201A8} = {1D759D69-31AB-4848-9FE0-1FD67F80178D}
		{15CBA5DA-FDF1-490E-9AEF-749B0697C1B7} = {819D63CB-B3D3-4DD3-BCE4-F75C9B9DE79C}
		{A3AE9D3A-4E46-4F08-A552-FB88034E7251} = {986B9BDF-C90E-486D-81D1-BDD5FA962D6C}
	EndGlobalSection
	GlobalSection(ExtensibilityGlobals) = postSolution
		SolutionGuid = {004E9620-015E-4507-9131-8B07C82273FD}
	EndGlobalSection
EndGlobal
